
Microsoft Visual Studio Solution File, Format Version 12.00
# Visual Studio 15
VisualStudioVersion = 15.0.28307.1000
MinimumVisualStudioVersion = 10.0.40219.1
Project("{FAE04EC0-301F-11D3-BF4B-00C04F79EFBC}") = "Cedar_Grove", "Cedar Grove\Cedar_Grove.csproj", "{F49636F3-4809-4EDD-90A8-43A250B7A755}"
EndProject
Global
	GlobalSection(SolutionConfigurationPlatforms) = preSolution
		Debug|Any CPU = Debug|Any CPU
		Release|Any CPU = Release|Any CPU
	EndGlobalSection
	GlobalSection(ProjectConfigurationPlatforms) = postSolution
		{F49636F3-4809-4EDD-90A8-43A250B7A755}.Debug|Any CPU.ActiveCfg = Debug|Any CPU
		{F49636F3-4809-4EDD-90A8-43A250B7A755}.Debug|Any CPU.Build.0 = Debug|Any CPU
		{F49636F3-4809-4EDD-90A8-43A250B7A755}.Release|Any CPU.ActiveCfg = Release|Any CPU
		{F49636F3-4809-4EDD-90A8-43A250B7A755}.Release|Any CPU.Build.0 = Release|Any CPU
	EndGlobalSection
	GlobalSection(SolutionProperties) = preSolution
		HideSolutionNode = FALSE
	EndGlobalSection
	GlobalSection(ExtensibilityGlobals) = postSolution
		SolutionGuid = {5070BCF2-4D9C-4BD4-B791-B86C3840FACA}
	EndGlobalSection
EndGlobal
